// !$*UTF8*$!
{
	archiveVersion = 1;
	classes = {
	};
	objectVersion = 46;
	objects = {

/* Begin PBXBuildFile section */
		329DFD63E7421BD0E30E30D4 /* Pods_FitHelperTests.framework in Frameworks */ = {isa = PBXBuildFile; fileRef = 9E7C13B29DB20476DF7F3E22 /* Pods_FitHelperTests.framework */; };
		A7EFA353A2B47325BA083028 /* Pods_FitHelperUITests.framework in Frameworks */ = {isa = PBXBuildFile; fileRef = 09789BB4CA9E6D678B7C51C3 /* Pods_FitHelperUITests.framework */; };
		B16E011B591FC08A528FE981 /* Pods_FitHelper.framework in Frameworks */ = {isa = PBXBuildFile; fileRef = 1CA1D77208FE29BC8A7E34FA /* Pods_FitHelper.framework */; };
		F30E54491EB357AB0069FD83 /* UserPage.swift in Sources */ = {isa = PBXBuildFile; fileRef = F30E54481EB357AB0069FD83 /* UserPage.swift */; };
		F30E544B1EB357CE0069FD83 /* TrainingPage.swift in Sources */ = {isa = PBXBuildFile; fileRef = F30E544A1EB357CE0069FD83 /* TrainingPage.swift */; };
		F30E544F1EB358380069FD83 /* SettingsPage.swift in Sources */ = {isa = PBXBuildFile; fileRef = F30E544E1EB358380069FD83 /* SettingsPage.swift */; };
		F30E54511EB358860069FD83 /* GraphPage.swift in Sources */ = {isa = PBXBuildFile; fileRef = F30E54501EB358860069FD83 /* GraphPage.swift */; };
		F3B42F8D1EB1F57900295A89 /* AppDelegate.swift in Sources */ = {isa = PBXBuildFile; fileRef = F3B42F8C1EB1F57900295A89 /* AppDelegate.swift */; };
		F3B42F921EB1F57900295A89 /* Main.storyboard in Resources */ = {isa = PBXBuildFile; fileRef = F3B42F901EB1F57900295A89 /* Main.storyboard */; };
		F3B42F971EB1F57900295A89 /* Assets.xcassets in Resources */ = {isa = PBXBuildFile; fileRef = F3B42F961EB1F57900295A89 /* Assets.xcassets */; };
		F3B42F9A1EB1F57900295A89 /* LaunchScreen.storyboard in Resources */ = {isa = PBXBuildFile; fileRef = F3B42F981EB1F57900295A89 /* LaunchScreen.storyboard */; };
		F3B42FA51EB1F57900295A89 /* FitHelperTests.swift in Sources */ = {isa = PBXBuildFile; fileRef = F3B42FA41EB1F57900295A89 /* FitHelperTests.swift */; };
		F3B42FB01EB1F57900295A89 /* FitHelperUITests.swift in Sources */ = {isa = PBXBuildFile; fileRef = F3B42FAF1EB1F57900295A89 /* FitHelperUITests.swift */; };
		F3C16CC21EBA244D0007CB71 /* Model.xcdatamodeld in Sources */ = {isa = PBXBuildFile; fileRef = F3C16CC01EBA244D0007CB71 /* Model.xcdatamodeld */; };
		F3C16CC41EBA24C50007CB71 /* CoreDataHelper.swift in Sources */ = {isa = PBXBuildFile; fileRef = F3C16CC31EBA24C50007CB71 /* CoreDataHelper.swift */; };
		F3C16CE41EBA3CF10007CB71 /* ExerciseCDClass.swift in Sources */ = {isa = PBXBuildFile; fileRef = F3C16CE01EBA3CF10007CB71 /* ExerciseCDClass.swift */; };
		F3C16CE51EBA3CF10007CB71 /* ExerciseCDPR.swift in Sources */ = {isa = PBXBuildFile; fileRef = F3C16CE11EBA3CF10007CB71 /* ExerciseCDPR.swift */; };
		F3C16CE61EBA3CF10007CB71 /* TrainingCDClass.swift in Sources */ = {isa = PBXBuildFile; fileRef = F3C16CE21EBA3CF10007CB71 /* TrainingCDClass.swift */; };
		F3C16CE71EBA3CF10007CB71 /* TrainingCDPR.swift in Sources */ = {isa = PBXBuildFile; fileRef = F3C16CE31EBA3CF10007CB71 /* TrainingCDPR.swift */; };
/* End PBXBuildFile section */

/* Begin PBXContainerItemProxy section */
		F3B42FA11EB1F57900295A89 /* PBXContainerItemProxy */ = {
			isa = PBXContainerItemProxy;
			containerPortal = F3B42F811EB1F57900295A89 /* Project object */;
			proxyType = 1;
			remoteGlobalIDString = F3B42F881EB1F57900295A89;
			remoteInfo = FitHelper;
		};
		F3B42FAC1EB1F57900295A89 /* PBXContainerItemProxy */ = {
			isa = PBXContainerItemProxy;
			containerPortal = F3B42F811EB1F57900295A89 /* Project object */;
			proxyType = 1;
			remoteGlobalIDString = F3B42F881EB1F57900295A89;
			remoteInfo = FitHelper;
		};
/* End PBXContainerItemProxy section */

/* Begin PBXFileReference section */
		0969EE561E211DC616E1BC95 /* Pods-FitHelper.debug.xcconfig */ = {isa = PBXFileReference; includeInIndex = 1; lastKnownFileType = text.xcconfig; name = "Pods-FitHelper.debug.xcconfig"; path = "Pods/Target Support Files/Pods-FitHelper/Pods-FitHelper.debug.xcconfig"; sourceTree = "<group>"; };
		09789BB4CA9E6D678B7C51C3 /* Pods_FitHelperUITests.framework */ = {isa = PBXFileReference; explicitFileType = wrapper.framework; includeInIndex = 0; path = Pods_FitHelperUITests.framework; sourceTree = BUILT_PRODUCTS_DIR; };
		147527ABA5F7D617032BAAB0 /* Pods-FitHelper.release.xcconfig */ = {isa = PBXFileReference; includeInIndex = 1; lastKnownFileType = text.xcconfig; name = "Pods-FitHelper.release.xcconfig"; path = "Pods/Target Support Files/Pods-FitHelper/Pods-FitHelper.release.xcconfig"; sourceTree = "<group>"; };
		1CA1D77208FE29BC8A7E34FA /* Pods_FitHelper.framework */ = {isa = PBXFileReference; explicitFileType = wrapper.framework; includeInIndex = 0; path = Pods_FitHelper.framework; sourceTree = BUILT_PRODUCTS_DIR; };
		442717298F1A5356374272C5 /* Pods-FitHelperTests.release.xcconfig */ = {isa = PBXFileReference; includeInIndex = 1; lastKnownFileType = text.xcconfig; name = "Pods-FitHelperTests.release.xcconfig"; path = "Pods/Target Support Files/Pods-FitHelperTests/Pods-FitHelperTests.release.xcconfig"; sourceTree = "<group>"; };
		9BDA30D637994F3490C315E3 /* Pods-FitHelperUITests.debug.xcconfig */ = {isa = PBXFileReference; includeInIndex = 1; lastKnownFileType = text.xcconfig; name = "Pods-FitHelperUITests.debug.xcconfig"; path = "Pods/Target Support Files/Pods-FitHelperUITests/Pods-FitHelperUITests.debug.xcconfig"; sourceTree = "<group>"; };
		9DB1FB2B243C6C06430EBD0F /* Pods-FitHelperTests.debug.xcconfig */ = {isa = PBXFileReference; includeInIndex = 1; lastKnownFileType = text.xcconfig; name = "Pods-FitHelperTests.debug.xcconfig"; path = "Pods/Target Support Files/Pods-FitHelperTests/Pods-FitHelperTests.debug.xcconfig"; sourceTree = "<group>"; };
		9E7C13B29DB20476DF7F3E22 /* Pods_FitHelperTests.framework */ = {isa = PBXFileReference; explicitFileType = wrapper.framework; includeInIndex = 0; path = Pods_FitHelperTests.framework; sourceTree = BUILT_PRODUCTS_DIR; };
		DEA66DD728EEC1B1F0D91B0A /* Pods-FitHelperUITests.release.xcconfig */ = {isa = PBXFileReference; includeInIndex = 1; lastKnownFileType = text.xcconfig; name = "Pods-FitHelperUITests.release.xcconfig"; path = "Pods/Target Support Files/Pods-FitHelperUITests/Pods-FitHelperUITests.release.xcconfig"; sourceTree = "<group>"; };
		F30E54481EB357AB0069FD83 /* UserPage.swift */ = {isa = PBXFileReference; fileEncoding = 4; lastKnownFileType = sourcecode.swift; name = UserPage.swift; path = ViewControllers/UserPage.swift; sourceTree = "<group>"; };
		F30E544A1EB357CE0069FD83 /* TrainingPage.swift */ = {isa = PBXFileReference; fileEncoding = 4; lastKnownFileType = sourcecode.swift; name = TrainingPage.swift; path = ViewControllers/TrainingPage.swift; sourceTree = "<group>"; };
		F30E544E1EB358380069FD83 /* SettingsPage.swift */ = {isa = PBXFileReference; fileEncoding = 4; lastKnownFileType = sourcecode.swift; name = SettingsPage.swift; path = ViewControllers/SettingsPage.swift; sourceTree = "<group>"; };
		F30E54501EB358860069FD83 /* GraphPage.swift */ = {isa = PBXFileReference; fileEncoding = 4; lastKnownFileType = sourcecode.swift; name = GraphPage.swift; path = ViewControllers/GraphPage.swift; sourceTree = "<group>"; };
		F3211EDC1EBA6F3B00007AD9 /* v0.1.xcdatamodel */ = {isa = PBXFileReference; lastKnownFileType = wrapper.xcdatamodel; path = v0.1.xcdatamodel; sourceTree = "<group>"; };
		F3B42F891EB1F57900295A89 /* FitHelper.app */ = {isa = PBXFileReference; explicitFileType = wrapper.application; includeInIndex = 0; path = FitHelper.app; sourceTree = BUILT_PRODUCTS_DIR; };
		F3B42F8C1EB1F57900295A89 /* AppDelegate.swift */ = {isa = PBXFileReference; lastKnownFileType = sourcecode.swift; path = AppDelegate.swift; sourceTree = "<group>"; };
		F3B42F911EB1F57900295A89 /* Base */ = {isa = PBXFileReference; lastKnownFileType = file.storyboard; name = Base; path = Base.lproj/Main.storyboard; sourceTree = "<group>"; };
		F3B42F961EB1F57900295A89 /* Assets.xcassets */ = {isa = PBXFileReference; lastKnownFileType = folder.assetcatalog; path = Assets.xcassets; sourceTree = "<group>"; };
		F3B42F991EB1F57900295A89 /* Base */ = {isa = PBXFileReference; lastKnownFileType = file.storyboard; name = Base; path = Base.lproj/LaunchScreen.storyboard; sourceTree = "<group>"; };
		F3B42F9B1EB1F57900295A89 /* Info.plist */ = {isa = PBXFileReference; lastKnownFileType = text.plist.xml; path = Info.plist; sourceTree = "<group>"; };
		F3B42FA01EB1F57900295A89 /* FitHelperTests.xctest */ = {isa = PBXFileReference; explicitFileType = wrapper.cfbundle; includeInIndex = 0; path = FitHelperTests.xctest; sourceTree = BUILT_PRODUCTS_DIR; };
		F3B42FA41EB1F57900295A89 /* FitHelperTests.swift */ = {isa = PBXFileReference; lastKnownFileType = sourcecode.swift; path = FitHelperTests.swift; sourceTree = "<group>"; };
		F3B42FA61EB1F57900295A89 /* Info.plist */ = {isa = PBXFileReference; lastKnownFileType = text.plist.xml; path = Info.plist; sourceTree = "<group>"; };
		F3B42FAB1EB1F57900295A89 /* FitHelperUITests.xctest */ = {isa = PBXFileReference; explicitFileType = wrapper.cfbundle; includeInIndex = 0; path = FitHelperUITests.xctest; sourceTree = BUILT_PRODUCTS_DIR; };
		F3B42FAF1EB1F57900295A89 /* FitHelperUITests.swift */ = {isa = PBXFileReference; lastKnownFileType = sourcecode.swift; path = FitHelperUITests.swift; sourceTree = "<group>"; };
		F3B42FB11EB1F57900295A89 /* Info.plist */ = {isa = PBXFileReference; lastKnownFileType = text.plist.xml; path = Info.plist; sourceTree = "<group>"; };
		F3C16CC11EBA244D0007CB71 /* Model.xcdatamodel */ = {isa = PBXFileReference; lastKnownFileType = wrapper.xcdatamodel; path = Model.xcdatamodel; sourceTree = "<group>"; };
		F3C16CC31EBA24C50007CB71 /* CoreDataHelper.swift */ = {isa = PBXFileReference; fileEncoding = 4; lastKnownFileType = sourcecode.swift; path = CoreDataHelper.swift; sourceTree = "<group>"; };
		F3C16CE01EBA3CF10007CB71 /* ExerciseCDClass.swift */ = {isa = PBXFileReference; fileEncoding = 4; lastKnownFileType = sourcecode.swift; path = ExerciseCDClass.swift; sourceTree = "<group>"; };
		F3C16CE11EBA3CF10007CB71 /* ExerciseCDPR.swift */ = {isa = PBXFileReference; fileEncoding = 4; lastKnownFileType = sourcecode.swift; path = ExerciseCDPR.swift; sourceTree = "<group>"; };
		F3C16CE21EBA3CF10007CB71 /* TrainingCDClass.swift */ = {isa = PBXFileReference; fileEncoding = 4; lastKnownFileType = sourcecode.swift; path = TrainingCDClass.swift; sourceTree = "<group>"; };
		F3C16CE31EBA3CF10007CB71 /* TrainingCDPR.swift */ = {isa = PBXFileReference; fileEncoding = 4; lastKnownFileType = sourcecode.swift; path = TrainingCDPR.swift; sourceTree = "<group>"; };
/* End PBXFileReference section */

/* Begin PBXFrameworksBuildPhase section */
		F3B42F861EB1F57900295A89 /* Frameworks */ = {
			isa = PBXFrameworksBuildPhase;
			buildActionMask = 2147483647;
			files = (
				B16E011B591FC08A528FE981 /* Pods_FitHelper.framework in Frameworks */,
			);
			runOnlyForDeploymentPostprocessing = 0;
		};
		F3B42F9D1EB1F57900295A89 /* Frameworks */ = {
			isa = PBXFrameworksBuildPhase;
			buildActionMask = 2147483647;
			files = (
				329DFD63E7421BD0E30E30D4 /* Pods_FitHelperTests.framework in Frameworks */,
			);
			runOnlyForDeploymentPostprocessing = 0;
		};
		F3B42FA81EB1F57900295A89 /* Frameworks */ = {
			isa = PBXFrameworksBuildPhase;
			buildActionMask = 2147483647;
			files = (
				A7EFA353A2B47325BA083028 /* Pods_FitHelperUITests.framework in Frameworks */,
			);
			runOnlyForDeploymentPostprocessing = 0;
		};
/* End PBXFrameworksBuildPhase section */

/* Begin PBXGroup section */
		025B72ACAC51F0700B775358 /* Frameworks */ = {
			isa = PBXGroup;
			children = (
				1CA1D77208FE29BC8A7E34FA /* Pods_FitHelper.framework */,
				9E7C13B29DB20476DF7F3E22 /* Pods_FitHelperTests.framework */,
				09789BB4CA9E6D678B7C51C3 /* Pods_FitHelperUITests.framework */,
			);
			name = Frameworks;
			sourceTree = "<group>";
		};
		5585D1C731521EB070E2565D /* Pods */ = {
			isa = PBXGroup;
			children = (
				0969EE561E211DC616E1BC95 /* Pods-FitHelper.debug.xcconfig */,
				147527ABA5F7D617032BAAB0 /* Pods-FitHelper.release.xcconfig */,
				9DB1FB2B243C6C06430EBD0F /* Pods-FitHelperTests.debug.xcconfig */,
				442717298F1A5356374272C5 /* Pods-FitHelperTests.release.xcconfig */,
				9BDA30D637994F3490C315E3 /* Pods-FitHelperUITests.debug.xcconfig */,
				DEA66DD728EEC1B1F0D91B0A /* Pods-FitHelperUITests.release.xcconfig */,
			);
			name = Pods;
			sourceTree = "<group>";
		};
		F30E543F1EB350450069FD83 /* ViewControllers */ = {
			isa = PBXGroup;
			children = (
				F30E544E1EB358380069FD83 /* SettingsPage.swift */,
				F30E54481EB357AB0069FD83 /* UserPage.swift */,
				F30E544A1EB357CE0069FD83 /* TrainingPage.swift */,
				F30E54501EB358860069FD83 /* GraphPage.swift */,
			);
			name = ViewControllers;
			sourceTree = "<group>";
		};
		F30E54521EB358E40069FD83 /* Storyboards */ = {
			isa = PBXGroup;
			children = (
				F3B42F901EB1F57900295A89 /* Main.storyboard */,
				F3B42F981EB1F57900295A89 /* LaunchScreen.storyboard */,
			);
			name = Storyboards;
			sourceTree = "<group>";
		};
		F30E54531EB3592B0069FD83 /* Resources */ = {
			isa = PBXGroup;
			children = (
				F3B42F961EB1F57900295A89 /* Assets.xcassets */,
				F3B42F9B1EB1F57900295A89 /* Info.plist */,
			);
			name = Resources;
			sourceTree = "<group>";
		};
		F3211EDD1EBA74CE00007AD9 /* Property */ = {
			isa = PBXGroup;
			children = (
				F3C16CE11EBA3CF10007CB71 /* ExerciseCDPR.swift */,
				F3C16CE31EBA3CF10007CB71 /* TrainingCDPR.swift */,
			);
			name = Property;
			sourceTree = "<group>";
		};
		F3211EDE1EBA74EE00007AD9 /* Classes */ = {
			isa = PBXGroup;
			children = (
				F3C16CE01EBA3CF10007CB71 /* ExerciseCDClass.swift */,
				F3C16CE21EBA3CF10007CB71 /* TrainingCDClass.swift */,
			);
			name = Classes;
			sourceTree = "<group>";
		};
		F3B42F801EB1F57900295A89 = {
			isa = PBXGroup;
			children = (
				F3C16CBF1EBA24340007CB71 /* CoreData */,
				F3B42F8B1EB1F57900295A89 /* FitHelper */,
				F3B42FA31EB1F57900295A89 /* FitHelperTests */,
				F3B42FAE1EB1F57900295A89 /* FitHelperUITests */,
				F3B42F8A1EB1F57900295A89 /* Products */,
				5585D1C731521EB070E2565D /* Pods */,
				025B72ACAC51F0700B775358 /* Frameworks */,
			);
			sourceTree = "<group>";
		};
		F3B42F8A1EB1F57900295A89 /* Products */ = {
			isa = PBXGroup;
			children = (
				F3B42F891EB1F57900295A89 /* FitHelper.app */,
				F3B42FA01EB1F57900295A89 /* FitHelperTests.xctest */,
				F3B42FAB1EB1F57900295A89 /* FitHelperUITests.xctest */,
			);
			name = Products;
			sourceTree = "<group>";
		};
		F3B42F8B1EB1F57900295A89 /* FitHelper */ = {
			isa = PBXGroup;
			children = (
				F3B42F8C1EB1F57900295A89 /* AppDelegate.swift */,
				F30E54531EB3592B0069FD83 /* Resources */,
				F30E543F1EB350450069FD83 /* ViewControllers */,
				F30E54521EB358E40069FD83 /* Storyboards */,
			);
			path = FitHelper;
			sourceTree = "<group>";
		};
		F3B42FA31EB1F57900295A89 /* FitHelperTests */ = {
			isa = PBXGroup;
			children = (
				F3B42FA41EB1F57900295A89 /* FitHelperTests.swift */,
				F3B42FA61EB1F57900295A89 /* Info.plist */,
			);
			path = FitHelperTests;
			sourceTree = "<group>";
		};
		F3B42FAE1EB1F57900295A89 /* FitHelperUITests */ = {
			isa = PBXGroup;
			children = (
				F3B42FAF1EB1F57900295A89 /* FitHelperUITests.swift */,
				F3B42FB11EB1F57900295A89 /* Info.plist */,
			);
			path = FitHelperUITests;
			sourceTree = "<group>";
		};
		F3C16CBF1EBA24340007CB71 /* CoreData */ = {
			isa = PBXGroup;
			children = (
				F3C16CC71EBA2D640007CB71 /* Objects */,
				F3C16CC61EBA2D570007CB71 /* Helper */,
				F3C16CC51EBA2D4A0007CB71 /* Model */,
			);
			name = CoreData;
			sourceTree = "<group>";
		};
		F3C16CC51EBA2D4A0007CB71 /* Model */ = {
			isa = PBXGroup;
			children = (
				F3C16CC01EBA244D0007CB71 /* Model.xcdatamodeld */,
			);
			name = Model;
			sourceTree = "<group>";
		};
		F3C16CC61EBA2D570007CB71 /* Helper */ = {
			isa = PBXGroup;
			children = (
				F3C16CC31EBA24C50007CB71 /* CoreDataHelper.swift */,
			);
			name = Helper;
			sourceTree = "<group>";
		};
		F3C16CC71EBA2D640007CB71 /* Objects */ = {
			isa = PBXGroup;
			children = (
				F3211EDE1EBA74EE00007AD9 /* Classes */,
				F3211EDD1EBA74CE00007AD9 /* Property */,
			);
			name = Objects;
			sourceTree = "<group>";
		};
/* End PBXGroup section */

/* Begin PBXNativeTarget section */
		F3B42F881EB1F57900295A89 /* FitHelper */ = {
			isa = PBXNativeTarget;
			buildConfigurationList = F3B42FB41EB1F57900295A89 /* Build configuration list for PBXNativeTarget "FitHelper" */;
			buildPhases = (
				E9B96ABB2EF5BE694544A12F /* [CP] Check Pods Manifest.lock */,
				F3B42F851EB1F57900295A89 /* Sources */,
				F3B42F861EB1F57900295A89 /* Frameworks */,
				F3B42F871EB1F57900295A89 /* Resources */,
				304658D7AD9C1B79547E39A1 /* [CP] Embed Pods Frameworks */,
				5E7C11E11C834C20FCADE707 /* [CP] Copy Pods Resources */,
			);
			buildRules = (
			);
			dependencies = (
			);
			name = FitHelper;
			productName = FitHelper;
			productReference = F3B42F891EB1F57900295A89 /* FitHelper.app */;
			productType = "com.apple.product-type.application";
		};
		F3B42F9F1EB1F57900295A89 /* FitHelperTests */ = {
			isa = PBXNativeTarget;
			buildConfigurationList = F3B42FB71EB1F57900295A89 /* Build configuration list for PBXNativeTarget "FitHelperTests" */;
			buildPhases = (
				11FA72A884EC425378D0FC2A /* [CP] Check Pods Manifest.lock */,
				F3B42F9C1EB1F57900295A89 /* Sources */,
				F3B42F9D1EB1F57900295A89 /* Frameworks */,
				F3B42F9E1EB1F57900295A89 /* Resources */,
				4DAA9636B8678FB1F23E426F /* [CP] Embed Pods Frameworks */,
				7EECE5A27A1E63D5E65265F3 /* [CP] Copy Pods Resources */,
			);
			buildRules = (
			);
			dependencies = (
				F3B42FA21EB1F57900295A89 /* PBXTargetDependency */,
			);
			name = FitHelperTests;
			productName = FitHelperTests;
			productReference = F3B42FA01EB1F57900295A89 /* FitHelperTests.xctest */;
			productType = "com.apple.product-type.bundle.unit-test";
		};
		F3B42FAA1EB1F57900295A89 /* FitHelperUITests */ = {
			isa = PBXNativeTarget;
			buildConfigurationList = F3B42FBA1EB1F57900295A89 /* Build configuration list for PBXNativeTarget "FitHelperUITests" */;
			buildPhases = (
				1D8B577C868D6F6292F5A0AE /* [CP] Check Pods Manifest.lock */,
				F3B42FA71EB1F57900295A89 /* Sources */,
				F3B42FA81EB1F57900295A89 /* Frameworks */,
				F3B42FA91EB1F57900295A89 /* Resources */,
				17E4ED9646AA2C2C070FCABD /* [CP] Embed Pods Frameworks */,
				85C1151D4BF82AF08E6FD4D5 /* [CP] Copy Pods Resources */,
			);
			buildRules = (
			);
			dependencies = (
				F3B42FAD1EB1F57900295A89 /* PBXTargetDependency */,
			);
			name = FitHelperUITests;
			productName = FitHelperUITests;
			productReference = F3B42FAB1EB1F57900295A89 /* FitHelperUITests.xctest */;
			productType = "com.apple.product-type.bundle.ui-testing";
		};
/* End PBXNativeTarget section */

/* Begin PBXProject section */
		F3B42F811EB1F57900295A89 /* Project object */ = {
			isa = PBXProject;
			attributes = {
				LastSwiftUpdateCheck = 0830;
				LastUpgradeCheck = 0830;
				ORGANIZATIONNAME = "артем";
				TargetAttributes = {
					F3B42F881EB1F57900295A89 = {
						CreatedOnToolsVersion = 8.3.2;
						DevelopmentTeam = UNZP8WBNM9;
						ProvisioningStyle = Automatic;
					};
					F3B42F9F1EB1F57900295A89 = {
						CreatedOnToolsVersion = 8.3.2;
						DevelopmentTeam = UNZP8WBNM9;
						ProvisioningStyle = Automatic;
						TestTargetID = F3B42F881EB1F57900295A89;
					};
					F3B42FAA1EB1F57900295A89 = {
						CreatedOnToolsVersion = 8.3.2;
						DevelopmentTeam = UNZP8WBNM9;
						ProvisioningStyle = Automatic;
						TestTargetID = F3B42F881EB1F57900295A89;
					};
				};
			};
			buildConfigurationList = F3B42F841EB1F57900295A89 /* Build configuration list for PBXProject "FitHelper" */;
			compatibilityVersion = "Xcode 3.2";
			developmentRegion = English;
			hasScannedForEncodings = 0;
			knownRegions = (
				en,
				Base,
			);
			mainGroup = F3B42F801EB1F57900295A89;
			productRefGroup = F3B42F8A1EB1F57900295A89 /* Products */;
			projectDirPath = "";
			projectRoot = "";
			targets = (
				F3B42F881EB1F57900295A89 /* FitHelper */,
				F3B42F9F1EB1F57900295A89 /* FitHelperTests */,
				F3B42FAA1EB1F57900295A89 /* FitHelperUITests */,
			);
		};
/* End PBXProject section */

/* Begin PBXResourcesBuildPhase section */
		F3B42F871EB1F57900295A89 /* Resources */ = {
			isa = PBXResourcesBuildPhase;
			buildActionMask = 2147483647;
			files = (
				F3B42F9A1EB1F57900295A89 /* LaunchScreen.storyboard in Resources */,
				F3B42F971EB1F57900295A89 /* Assets.xcassets in Resources */,
				F3B42F921EB1F57900295A89 /* Main.storyboard in Resources */,
			);
			runOnlyForDeploymentPostprocessing = 0;
		};
		F3B42F9E1EB1F57900295A89 /* Resources */ = {
			isa = PBXResourcesBuildPhase;
			buildActionMask = 2147483647;
			files = (
			);
			runOnlyForDeploymentPostprocessing = 0;
		};
		F3B42FA91EB1F57900295A89 /* Resources */ = {
			isa = PBXResourcesBuildPhase;
			buildActionMask = 2147483647;
			files = (
			);
			runOnlyForDeploymentPostprocessing = 0;
		};
/* End PBXResourcesBuildPhase section */

/* Begin PBXShellScriptBuildPhase section */
		11FA72A884EC425378D0FC2A /* [CP] Check Pods Manifest.lock */ = {
			isa = PBXShellScriptBuildPhase;
			buildActionMask = 2147483647;
			files = (
			);
			inputPaths = (
			);
			name = "[CP] Check Pods Manifest.lock";
			outputPaths = (
			);
			runOnlyForDeploymentPostprocessing = 0;
			shellPath = /bin/sh;
			shellScript = "diff \"${PODS_PODFILE_DIR_PATH}/Podfile.lock\" \"${PODS_ROOT}/Manifest.lock\" > /dev/null\nif [ $? != 0 ] ; then\n    # print error to STDERR\n    echo \"error: The sandbox is not in sync with the Podfile.lock. Run 'pod install' or update your CocoaPods installation.\" >&2\n    exit 1\nfi\n";
			showEnvVarsInLog = 0;
		};
		17E4ED9646AA2C2C070FCABD /* [CP] Embed Pods Frameworks */ = {
			isa = PBXShellScriptBuildPhase;
			buildActionMask = 2147483647;
			files = (
			);
			inputPaths = (
			);
			name = "[CP] Embed Pods Frameworks";
			outputPaths = (
			);
			runOnlyForDeploymentPostprocessing = 0;
			shellPath = /bin/sh;
			shellScript = "\"${SRCROOT}/Pods/Target Support Files/Pods-FitHelperUITests/Pods-FitHelperUITests-frameworks.sh\"\n";
			showEnvVarsInLog = 0;
		};
		1D8B577C868D6F6292F5A0AE /* [CP] Check Pods Manifest.lock */ = {
			isa = PBXShellScriptBuildPhase;
			buildActionMask = 2147483647;
			files = (
			);
			inputPaths = (
			);
			name = "[CP] Check Pods Manifest.lock";
			outputPaths = (
			);
			runOnlyForDeploymentPostprocessing = 0;
			shellPath = /bin/sh;
			shellScript = "diff \"${PODS_PODFILE_DIR_PATH}/Podfile.lock\" \"${PODS_ROOT}/Manifest.lock\" > /dev/null\nif [ $? != 0 ] ; then\n    # print error to STDERR\n    echo \"error: The sandbox is not in sync with the Podfile.lock. Run 'pod install' or update your CocoaPods installation.\" >&2\n    exit 1\nfi\n";
			showEnvVarsInLog = 0;
		};
		304658D7AD9C1B79547E39A1 /* [CP] Embed Pods Frameworks */ = {
			isa = PBXShellScriptBuildPhase;
			buildActionMask = 2147483647;
			files = (
			);
			inputPaths = (
			);
			name = "[CP] Embed Pods Frameworks";
			outputPaths = (
			);
			runOnlyForDeploymentPostprocessing = 0;
			shellPath = /bin/sh;
			shellScript = "\"${SRCROOT}/Pods/Target Support Files/Pods-FitHelper/Pods-FitHelper-frameworks.sh\"\n";
			showEnvVarsInLog = 0;
		};
		4DAA9636B8678FB1F23E426F /* [CP] Embed Pods Frameworks */ = {
			isa = PBXShellScriptBuildPhase;
			buildActionMask = 2147483647;
			files = (
			);
			inputPaths = (
			);
			name = "[CP] Embed Pods Frameworks";
			outputPaths = (
			);
			runOnlyForDeploymentPostprocessing = 0;
			shellPath = /bin/sh;
			shellScript = "\"${SRCROOT}/Pods/Target Support Files/Pods-FitHelperTests/Pods-FitHelperTests-frameworks.sh\"\n";
			showEnvVarsInLog = 0;
		};
		5E7C11E11C834C20FCADE707 /* [CP] Copy Pods Resources */ = {
			isa = PBXShellScriptBuildPhase;
			buildActionMask = 2147483647;
			files = (
			);
			inputPaths = (
			);
			name = "[CP] Copy Pods Resources";
			outputPaths = (
			);
			runOnlyForDeploymentPostprocessing = 0;
			shellPath = /bin/sh;
			shellScript = "\"${SRCROOT}/Pods/Target Support Files/Pods-FitHelper/Pods-FitHelper-resources.sh\"\n";
			showEnvVarsInLog = 0;
		};
		7EECE5A27A1E63D5E65265F3 /* [CP] Copy Pods Resources */ = {
			isa = PBXShellScriptBuildPhase;
			buildActionMask = 2147483647;
			files = (
			);
			inputPaths = (
			);
			name = "[CP] Copy Pods Resources";
			outputPaths = (
			);
			runOnlyForDeploymentPostprocessing = 0;
			shellPath = /bin/sh;
			shellScript = "\"${SRCROOT}/Pods/Target Support Files/Pods-FitHelperTests/Pods-FitHelperTests-resources.sh\"\n";
			showEnvVarsInLog = 0;
		};
		85C1151D4BF82AF08E6FD4D5 /* [CP] Copy Pods Resources */ = {
			isa = PBXShellScriptBuildPhase;
			buildActionMask = 2147483647;
			files = (
			);
			inputPaths = (
			);
			name = "[CP] Copy Pods Resources";
			outputPaths = (
			);
			runOnlyForDeploymentPostprocessing = 0;
			shellPath = /bin/sh;
			shellScript = "\"${SRCROOT}/Pods/Target Support Files/Pods-FitHelperUITests/Pods-FitHelperUITests-resources.sh\"\n";
			showEnvVarsInLog = 0;
		};
		E9B96ABB2EF5BE694544A12F /* [CP] Check Pods Manifest.lock */ = {
			isa = PBXShellScriptBuildPhase;
			buildActionMask = 2147483647;
			files = (
			);
			inputPaths = (
			);
			name = "[CP] Check Pods Manifest.lock";
			outputPaths = (
			);
			runOnlyForDeploymentPostprocessing = 0;
			shellPath = /bin/sh;
			shellScript = "diff \"${PODS_PODFILE_DIR_PATH}/Podfile.lock\" \"${PODS_ROOT}/Manifest.lock\" > /dev/null\nif [ $? != 0 ] ; then\n    # print error to STDERR\n    echo \"error: The sandbox is not in sync with the Podfile.lock. Run 'pod install' or update your CocoaPods installation.\" >&2\n    exit 1\nfi\n";
			showEnvVarsInLog = 0;
		};
/* End PBXShellScriptBuildPhase section */

/* Begin PBXSourcesBuildPhase section */
		F3B42F851EB1F57900295A89 /* Sources */ = {
			isa = PBXSourcesBuildPhase;
			buildActionMask = 2147483647;
			files = (
				F30E54511EB358860069FD83 /* GraphPage.swift in Sources */,
				F3B42F8D1EB1F57900295A89 /* AppDelegate.swift in Sources */,
				F30E544B1EB357CE0069FD83 /* TrainingPage.swift in Sources */,
				F3C16CE41EBA3CF10007CB71 /* ExerciseCDClass.swift in Sources */,
				F3C16CC41EBA24C50007CB71 /* CoreDataHelper.swift in Sources */,
				F30E54491EB357AB0069FD83 /* UserPage.swift in Sources */,
				F30E544F1EB358380069FD83 /* SettingsPage.swift in Sources */,
				F3C16CC21EBA244D0007CB71 /* Model.xcdatamodeld in Sources */,
				F3C16CE71EBA3CF10007CB71 /* TrainingCDPR.swift in Sources */,
				F3C16CE51EBA3CF10007CB71 /* ExerciseCDPR.swift in Sources */,
				F3C16CE61EBA3CF10007CB71 /* TrainingCDClass.swift in Sources */,
			);
			runOnlyForDeploymentPostprocessing = 0;
		};
		F3B42F9C1EB1F57900295A89 /* Sources */ = {
			isa = PBXSourcesBuildPhase;
			buildActionMask = 2147483647;
			files = (
				F3B42FA51EB1F57900295A89 /* FitHelperTests.swift in Sources */,
			);
			runOnlyForDeploymentPostprocessing = 0;
		};
		F3B42FA71EB1F57900295A89 /* Sources */ = {
			isa = PBXSourcesBuildPhase;
			buildActionMask = 2147483647;
			files = (
				F3B42FB01EB1F57900295A89 /* FitHelperUITests.swift in Sources */,
			);
			runOnlyForDeploymentPostprocessing = 0;
		};
/* End PBXSourcesBuildPhase section */

/* Begin PBXTargetDependency section */
		F3B42FA21EB1F57900295A89 /* PBXTargetDependency */ = {
			isa = PBXTargetDependency;
			target = F3B42F881EB1F57900295A89 /* FitHelper */;
			targetProxy = F3B42FA11EB1F57900295A89 /* PBXContainerItemProxy */;
		};
		F3B42FAD1EB1F57900295A89 /* PBXTargetDependency */ = {
			isa = PBXTargetDependency;
			target = F3B42F881EB1F57900295A89 /* FitHelper */;
			targetProxy = F3B42FAC1EB1F57900295A89 /* PBXContainerItemProxy */;
		};
/* End PBXTargetDependency section */

/* Begin PBXVariantGroup section */
		F3B42F901EB1F57900295A89 /* Main.storyboard */ = {
			isa = PBXVariantGroup;
			children = (
				F3B42F911EB1F57900295A89 /* Base */,
			);
			name = Main.storyboard;
			sourceTree = "<group>";
		};
		F3B42F981EB1F57900295A89 /* LaunchScreen.storyboard */ = {
			isa = PBXVariantGroup;
			children = (
				F3B42F991EB1F57900295A89 /* Base */,
			);
			name = LaunchScreen.storyboard;
			sourceTree = "<group>";
		};
/* End PBXVariantGroup section */

/* Begin XCBuildConfiguration section */
		F3B42FB21EB1F57900295A89 /* Debug */ = {
			isa = XCBuildConfiguration;
			buildSettings = {
				ALWAYS_SEARCH_USER_PATHS = NO;
				CLANG_ANALYZER_NONNULL = YES;
				CLANG_ANALYZER_NUMBER_OBJECT_CONVERSION = YES_AGGRESSIVE;
				CLANG_CXX_LANGUAGE_STANDARD = "gnu++0x";
				CLANG_CXX_LIBRARY = "libc++";
				CLANG_ENABLE_MODULES = YES;
				CLANG_ENABLE_OBJC_ARC = YES;
				CLANG_WARN_BOOL_CONVERSION = YES;
				CLANG_WARN_CONSTANT_CONVERSION = YES;
				CLANG_WARN_DIRECT_OBJC_ISA_USAGE = YES_ERROR;
				CLANG_WARN_DOCUMENTATION_COMMENTS = YES;
				CLANG_WARN_EMPTY_BODY = YES;
				CLANG_WARN_ENUM_CONVERSION = YES;
				CLANG_WARN_INFINITE_RECURSION = YES;
				CLANG_WARN_INT_CONVERSION = YES;
				CLANG_WARN_OBJC_ROOT_CLASS = YES_ERROR;
				CLANG_WARN_SUSPICIOUS_MOVE = YES;
				CLANG_WARN_UNREACHABLE_CODE = YES;
				CLANG_WARN__DUPLICATE_METHOD_MATCH = YES;
				"CODE_SIGN_IDENTITY[sdk=iphoneos*]" = "iPhone Developer";
				COPY_PHASE_STRIP = NO;
				DEBUG_INFORMATION_FORMAT = dwarf;
				ENABLE_STRICT_OBJC_MSGSEND = YES;
				ENABLE_TESTABILITY = YES;
				GCC_C_LANGUAGE_STANDARD = gnu99;
				GCC_DYNAMIC_NO_PIC = NO;
				GCC_NO_COMMON_BLOCKS = YES;
				GCC_OPTIMIZATION_LEVEL = 0;
				GCC_PREPROCESSOR_DEFINITIONS = (
					"DEBUG=1",
					"$(inherited)",
				);
				GCC_WARN_64_TO_32_BIT_CONVERSION = YES;
				GCC_WARN_ABOUT_RETURN_TYPE = YES_ERROR;
				GCC_WARN_UNDECLARED_SELECTOR = YES;
				GCC_WARN_UNINITIALIZED_AUTOS = YES_AGGRESSIVE;
				GCC_WARN_UNUSED_FUNCTION = YES;
				GCC_WARN_UNUSED_VARIABLE = YES;
				IPHONEOS_DEPLOYMENT_TARGET = 10.3;
				MTL_ENABLE_DEBUG_INFO = YES;
				ONLY_ACTIVE_ARCH = YES;
				SDKROOT = iphoneos;
				SWIFT_ACTIVE_COMPILATION_CONDITIONS = DEBUG;
				SWIFT_OPTIMIZATION_LEVEL = "-Onone";
			};
			name = Debug;
		};
		F3B42FB31EB1F57900295A89 /* Release */ = {
			isa = XCBuildConfiguration;
			buildSettings = {
				ALWAYS_SEARCH_USER_PATHS = NO;
				CLANG_ANALYZER_NONNULL = YES;
				CLANG_ANALYZER_NUMBER_OBJECT_CONVERSION = YES_AGGRESSIVE;
				CLANG_CXX_LANGUAGE_STANDARD = "gnu++0x";
				CLANG_CXX_LIBRARY = "libc++";
				CLANG_ENABLE_MODULES = YES;
				CLANG_ENABLE_OBJC_ARC = YES;
				CLANG_WARN_BOOL_CONVERSION = YES;
				CLANG_WARN_CONSTANT_CONVERSION = YES;
				CLANG_WARN_DIRECT_OBJC_ISA_USAGE = YES_ERROR;
				CLANG_WARN_DOCUMENTATION_COMMENTS = YES;
				CLANG_WARN_EMPTY_BODY = YES;
				CLANG_WARN_ENUM_CONVERSION = YES;
				CLANG_WARN_INFINITE_RECURSION = YES;
				CLANG_WARN_INT_CONVERSION = YES;
				CLANG_WARN_OBJC_ROOT_CLASS = YES_ERROR;
				CLANG_WARN_SUSPICIOUS_MOVE = YES;
				CLANG_WARN_UNREACHABLE_CODE = YES;
				CLANG_WARN__DUPLICATE_METHOD_MATCH = YES;
				"CODE_SIGN_IDENTITY[sdk=iphoneos*]" = "iPhone Developer";
				COPY_PHASE_STRIP = NO;
				DEBUG_INFORMATION_FORMAT = "dwarf-with-dsym";
				ENABLE_NS_ASSERTIONS = NO;
				ENABLE_STRICT_OBJC_MSGSEND = YES;
				GCC_C_LANGUAGE_STANDARD = gnu99;
				GCC_NO_COMMON_BLOCKS = YES;
				GCC_WARN_64_TO_32_BIT_CONVERSION = YES;
				GCC_WARN_ABOUT_RETURN_TYPE = YES_ERROR;
				GCC_WARN_UNDECLARED_SELECTOR = YES;
				GCC_WARN_UNINITIALIZED_AUTOS = YES_AGGRESSIVE;
				GCC_WARN_UNUSED_FUNCTION = YES;
				GCC_WARN_UNUSED_VARIABLE = YES;
				IPHONEOS_DEPLOYMENT_TARGET = 10.3;
				MTL_ENABLE_DEBUG_INFO = NO;
				SDKROOT = iphoneos;
				SWIFT_OPTIMIZATION_LEVEL = "-Owholemodule";
				VALIDATE_PRODUCT = YES;
			};
			name = Release;
		};
		F3B42FB51EB1F57900295A89 /* Debug */ = {
			isa = XCBuildConfiguration;
			baseConfigurationReference = 0969EE561E211DC616E1BC95 /* Pods-FitHelper.debug.xcconfig */;
			buildSettings = {
				ASSETCATALOG_COMPILER_APPICON_NAME = AppIcon;
				DEVELOPMENT_TEAM = UNZP8WBNM9;
				INFOPLIST_FILE = FitHelper/Info.plist;
				LD_RUNPATH_SEARCH_PATHS = "$(inherited) @executable_path/Frameworks";
				PRODUCT_BUNDLE_IDENTIFIER = home.FitHelper;
				PRODUCT_NAME = "$(TARGET_NAME)";
				SWIFT_VERSION = 3.0;
			};
			name = Debug;
		};
		F3B42FB61EB1F57900295A89 /* Release */ = {
			isa = XCBuildConfiguration;
			baseConfigurationReference = 147527ABA5F7D617032BAAB0 /* Pods-FitHelper.release.xcconfig */;
			buildSettings = {
				ASSETCATALOG_COMPILER_APPICON_NAME = AppIcon;
				DEVELOPMENT_TEAM = UNZP8WBNM9;
				INFOPLIST_FILE = FitHelper/Info.plist;
				LD_RUNPATH_SEARCH_PATHS = "$(inherited) @executable_path/Frameworks";
				PRODUCT_BUNDLE_IDENTIFIER = home.FitHelper;
				PRODUCT_NAME = "$(TARGET_NAME)";
				SWIFT_VERSION = 3.0;
			};
			name = Release;
		};
		F3B42FB81EB1F57900295A89 /* Debug */ = {
			isa = XCBuildConfiguration;
			baseConfigurationReference = 9DB1FB2B243C6C06430EBD0F /* Pods-FitHelperTests.debug.xcconfig */;
			buildSettings = {
				ALWAYS_EMBED_SWIFT_STANDARD_LIBRARIES = YES;
				BUNDLE_LOADER = "$(TEST_HOST)";
				DEVELOPMENT_TEAM = UNZP8WBNM9;
				INFOPLIST_FILE = FitHelperTests/Info.plist;
				LD_RUNPATH_SEARCH_PATHS = "$(inherited) @executable_path/Frameworks @loader_path/Frameworks";
				PRODUCT_BUNDLE_IDENTIFIER = home.FitHelperTests;
				PRODUCT_NAME = "$(TARGET_NAME)";
				SWIFT_VERSION = 3.0;
				TEST_HOST = "$(BUILT_PRODUCTS_DIR)/FitHelper.app/FitHelper";
			};
			name = Debug;
		};
		F3B42FB91EB1F57900295A89 /* Release */ = {
			isa = XCBuildConfiguration;
			baseConfigurationReference = 442717298F1A5356374272C5 /* Pods-FitHelperTests.release.xcconfig */;
			buildSettings = {
				ALWAYS_EMBED_SWIFT_STANDARD_LIBRARIES = YES;
				BUNDLE_LOADER = "$(TEST_HOST)";
				DEVELOPMENT_TEAM = UNZP8WBNM9;
				INFOPLIST_FILE = FitHelperTests/Info.plist;
				LD_RUNPATH_SEARCH_PATHS = "$(inherited) @executable_path/Frameworks @loader_path/Frameworks";
				PRODUCT_BUNDLE_IDENTIFIER = home.FitHelperTests;
				PRODUCT_NAME = "$(TARGET_NAME)";
				SWIFT_VERSION = 3.0;
				TEST_HOST = "$(BUILT_PRODUCTS_DIR)/FitHelper.app/FitHelper";
			};
			name = Release;
		};
		F3B42FBB1EB1F57900295A89 /* Debug */ = {
			isa = XCBuildConfiguration;
			baseConfigurationReference = 9BDA30D637994F3490C315E3 /* Pods-FitHelperUITests.debug.xcconfig */;
			buildSettings = {
				ALWAYS_EMBED_SWIFT_STANDARD_LIBRARIES = YES;
				DEVELOPMENT_TEAM = UNZP8WBNM9;
				INFOPLIST_FILE = FitHelperUITests/Info.plist;
				LD_RUNPATH_SEARCH_PATHS = "$(inherited) @executable_path/Frameworks @loader_path/Frameworks";
				PRODUCT_BUNDLE_IDENTIFIER = home.FitHelperUITests;
				PRODUCT_NAME = "$(TARGET_NAME)";
				SWIFT_VERSION = 3.0;
				TEST_TARGET_NAME = FitHelper;
			};
			name = Debug;
		};
		F3B42FBC1EB1F57900295A89 /* Release */ = {
			isa = XCBuildConfiguration;
			baseConfigurationReference = DEA66DD728EEC1B1F0D91B0A /* Pods-FitHelperUITests.release.xcconfig */;
			buildSettings = {
				ALWAYS_EMBED_SWIFT_STANDARD_LIBRARIES = YES;
				DEVELOPMENT_TEAM = UNZP8WBNM9;
				INFOPLIST_FILE = FitHelperUITests/Info.plist;
				LD_RUNPATH_SEARCH_PATHS = "$(inherited) @executable_path/Frameworks @loader_path/Frameworks";
				PRODUCT_BUNDLE_IDENTIFIER = home.FitHelperUITests;
				PRODUCT_NAME = "$(TARGET_NAME)";
				SWIFT_VERSION = 3.0;
				TEST_TARGET_NAME = FitHelper;
			};
			name = Release;
		};
/* End XCBuildConfiguration section */

/* Begin XCConfigurationList section */
		F3B42F841EB1F57900295A89 /* Build configuration list for PBXProject "FitHelper" */ = {
			isa = XCConfigurationList;
			buildConfigurations = (
				F3B42FB21EB1F57900295A89 /* Debug */,
				F3B42FB31EB1F57900295A89 /* Release */,
			);
			defaultConfigurationIsVisible = 0;
			defaultConfigurationName = Release;
		};
		F3B42FB41EB1F57900295A89 /* Build configuration list for PBXNativeTarget "FitHelper" */ = {
			isa = XCConfigurationList;
			buildConfigurations = (
				F3B42FB51EB1F57900295A89 /* Debug */,
				F3B42FB61EB1F57900295A89 /* Release */,
			);
			defaultConfigurationIsVisible = 0;
			defaultConfigurationName = Release;
		};
		F3B42FB71EB1F57900295A89 /* Build configuration list for PBXNativeTarget "FitHelperTests" */ = {
			isa = XCConfigurationList;
			buildConfigurations = (
				F3B42FB81EB1F57900295A89 /* Debug */,
				F3B42FB91EB1F57900295A89 /* Release */,
			);
			defaultConfigurationIsVisible = 0;
			defaultConfigurationName = Release;
		};
		F3B42FBA1EB1F57900295A89 /* Build configuration list for PBXNativeTarget "FitHelperUITests" */ = {
			isa = XCConfigurationList;
			buildConfigurations = (
				F3B42FBB1EB1F57900295A89 /* Debug */,
				F3B42FBC1EB1F57900295A89 /* Release */,
			);
			defaultConfigurationIsVisible = 0;
			defaultConfigurationName = Release;
		};
/* End XCConfigurationList section */

/* Begin XCVersionGroup section */
		F3C16CC01EBA244D0007CB71 /* Model.xcdatamodeld */ = {
			isa = XCVersionGroup;
			children = (
				F3211EDC1EBA6F3B00007AD9 /* v0.1.xcdatamodel */,
				F3C16CC11EBA244D0007CB71 /* Model.xcdatamodel */,
			);
			currentVersion = F3C16CC11EBA244D0007CB71 /* Model.xcdatamodel */;
			path = Model.xcdatamodeld;
			sourceTree = "<group>";
			versionGroupType = wrapper.xcdatamodel;
		};
/* End XCVersionGroup section */
	};
	rootObject = F3B42F811EB1F57900295A89 /* Project object */;
}
